// !$*UTF8*$!
{
	archiveVersion = 1;
	classes = {
	};
	objectVersion = 56;
	objects = {

/* Begin PBXBuildFile section */
		270DD4422A69FCA800640E91 /* Extensions.swift in Sources */ = {isa = PBXBuildFile; fileRef = 270DD4412A69FCA800640E91 /* Extensions.swift */; };
		270DD4502A6A072600640E91 /* CustomToast.swift in Sources */ = {isa = PBXBuildFile; fileRef = 270DD44F2A6A072600640E91 /* CustomToast.swift */; };
		270DD4522A6A075700640E91 /* Toast.swift in Sources */ = {isa = PBXBuildFile; fileRef = 270DD4512A6A075700640E91 /* Toast.swift */; };
		277CA9232A61197800AD4023 /* AlertModule.docc in Sources */ = {isa = PBXBuildFile; fileRef = 277CA9222A61197800AD4023 /* AlertModule.docc */; };
		277CA9242A61197800AD4023 /* AlertModule.h in Headers */ = {isa = PBXBuildFile; fileRef = 277CA9212A61197800AD4023 /* AlertModule.h */; settings = {ATTRIBUTES = (Public, ); }; };
		277CA92E2A612D7800AD4023 /* CustomAlert.swift in Sources */ = {isa = PBXBuildFile; fileRef = 277CA92D2A612D7800AD4023 /* CustomAlert.swift */; };
		277CA9302A612D9E00AD4023 /* CustomAlertButton.swift in Sources */ = {isa = PBXBuildFile; fileRef = 277CA92F2A612D9E00AD4023 /* CustomAlertButton.swift */; };
		277CA9322A612DBB00AD4023 /* AlertConstants.swift in Sources */ = {isa = PBXBuildFile; fileRef = 277CA9312A612DBB00AD4023 /* AlertConstants.swift */; };
		277CA9362A612DE200AD4023 /* CustomAlertModifier.swift in Sources */ = {isa = PBXBuildFile; fileRef = 277CA9352A612DE200AD4023 /* CustomAlertModifier.swift */; };
		27EBA49E2A68FF7700C3D255 /* CustomAlertTextField.swift in Sources */ = {isa = PBXBuildFile; fileRef = 27EBA49D2A68FF7700C3D255 /* CustomAlertTextField.swift */; };
		27EBA4A12A68FF9E00C3D255 /* AlertSetter.swift in Sources */ = {isa = PBXBuildFile; fileRef = 27EBA4A02A68FF9E00C3D255 /* AlertSetter.swift */; };
		27EBA4A52A69003800C3D255 /* KeyboardListener.swift in Sources */ = {isa = PBXBuildFile; fileRef = 27EBA4A42A69003800C3D255 /* KeyboardListener.swift */; };
/* End PBXBuildFile section */

/* Begin PBXFileReference section */
		270DD4412A69FCA800640E91 /* Extensions.swift */ = {isa = PBXFileReference; lastKnownFileType = sourcecode.swift; path = Extensions.swift; sourceTree = "<group>"; };
		270DD44F2A6A072600640E91 /* CustomToast.swift */ = {isa = PBXFileReference; lastKnownFileType = sourcecode.swift; path = CustomToast.swift; sourceTree = "<group>"; };
		270DD4512A6A075700640E91 /* Toast.swift */ = {isa = PBXFileReference; lastKnownFileType = sourcecode.swift; path = Toast.swift; sourceTree = "<group>"; };
		277CA91E2A61197800AD4023 /* AlertModule.framework */ = {isa = PBXFileReference; explicitFileType = wrapper.framework; includeInIndex = 0; path = AlertModule.framework; sourceTree = BUILT_PRODUCTS_DIR; };
		277CA9212A61197800AD4023 /* AlertModule.h */ = {isa = PBXFileReference; lastKnownFileType = sourcecode.c.h; path = AlertModule.h; sourceTree = "<group>"; };
		277CA9222A61197800AD4023 /* AlertModule.docc */ = {isa = PBXFileReference; lastKnownFileType = folder.documentationcatalog; path = AlertModule.docc; sourceTree = "<group>"; };
		277CA92D2A612D7800AD4023 /* CustomAlert.swift */ = {isa = PBXFileReference; lastKnownFileType = sourcecode.swift; path = CustomAlert.swift; sourceTree = "<group>"; };
		277CA92F2A612D9E00AD4023 /* CustomAlertButton.swift */ = {isa = PBXFileReference; lastKnownFileType = sourcecode.swift; path = CustomAlertButton.swift; sourceTree = "<group>"; };
		277CA9312A612DBB00AD4023 /* AlertConstants.swift */ = {isa = PBXFileReference; lastKnownFileType = sourcecode.swift; path = AlertConstants.swift; sourceTree = "<group>"; };
		277CA9352A612DE200AD4023 /* CustomAlertModifier.swift */ = {isa = PBXFileReference; lastKnownFileType = sourcecode.swift; path = CustomAlertModifier.swift; sourceTree = "<group>"; };
		27EBA49D2A68FF7700C3D255 /* CustomAlertTextField.swift */ = {isa = PBXFileReference; lastKnownFileType = sourcecode.swift; path = CustomAlertTextField.swift; sourceTree = "<group>"; };
		27EBA4A02A68FF9E00C3D255 /* AlertSetter.swift */ = {isa = PBXFileReference; lastKnownFileType = sourcecode.swift; path = AlertSetter.swift; sourceTree = "<group>"; };
		27EBA4A42A69003800C3D255 /* KeyboardListener.swift */ = {isa = PBXFileReference; lastKnownFileType = sourcecode.swift; path = KeyboardListener.swift; sourceTree = "<group>"; };
/* End PBXFileReference section */

/* Begin PBXFrameworksBuildPhase section */
		277CA91B2A61197800AD4023 /* Frameworks */ = {
			isa = PBXFrameworksBuildPhase;
			buildActionMask = 2147483647;
			files = (
			);
			runOnlyForDeploymentPostprocessing = 0;
		};
/* End PBXFrameworksBuildPhase section */

/* Begin PBXGroup section */
		270DD44D2A6A06FD00640E91 /* Alert */ = {
			isa = PBXGroup;
			children = (
				27EBA49F2A68FF8B00C3D255 /* Settings */,
				27EBA4A62A69007300C3D255 /* Modifier */,
				27EBA49A2A68F98D00C3D255 /* View */,
			);
			path = Alert;
			sourceTree = "<group>";
		};
		270DD44E2A6A071300640E91 /* Toast */ = {
			isa = PBXGroup;
			children = (
				270DD44F2A6A072600640E91 /* CustomToast.swift */,
				270DD4512A6A075700640E91 /* Toast.swift */,
			);
			path = Toast;
			sourceTree = "<group>";
		};
		277CA9142A61197800AD4023 = {
			isa = PBXGroup;
			children = (
				277CA9202A61197800AD4023 /* AlertModule */,
				277CA91F2A61197800AD4023 /* Products */,
			);
			sourceTree = "<group>";
		};
		277CA91F2A61197800AD4023 /* Products */ = {
			isa = PBXGroup;
			children = (
				277CA91E2A61197800AD4023 /* AlertModule.framework */,
			);
			name = Products;
			sourceTree = "<group>";
		};
		277CA9202A61197800AD4023 /* AlertModule */ = {
			isa = PBXGroup;
			children = (
				270DD4412A69FCA800640E91 /* Extensions.swift */,
				27EBA4A42A69003800C3D255 /* KeyboardListener.swift */,
				270DD44D2A6A06FD00640E91 /* Alert */,
				270DD44E2A6A071300640E91 /* Toast */,
				277CA9212A61197800AD4023 /* AlertModule.h */,
				277CA9222A61197800AD4023 /* AlertModule.docc */,
			);
			path = AlertModule;
			sourceTree = "<group>";
		};
		27EBA49A2A68F98D00C3D255 /* View */ = {
			isa = PBXGroup;
			children = (
				277CA92D2A612D7800AD4023 /* CustomAlert.swift */,
				277CA92F2A612D9E00AD4023 /* CustomAlertButton.swift */,
				27EBA49D2A68FF7700C3D255 /* CustomAlertTextField.swift */,
			);
			path = View;
			sourceTree = "<group>";
		};
		27EBA49F2A68FF8B00C3D255 /* Settings */ = {
			isa = PBXGroup;
			children = (
				27EBA4A02A68FF9E00C3D255 /* AlertSetter.swift */,
				277CA9312A612DBB00AD4023 /* AlertConstants.swift */,
			);
			path = Settings;
			sourceTree = "<group>";
		};
		27EBA4A62A69007300C3D255 /* Modifier */ = {
			isa = PBXGroup;
			children = (
				277CA9352A612DE200AD4023 /* CustomAlertModifier.swift */,
			);
			path = Modifier;
			sourceTree = "<group>";
		};
/* End PBXGroup section */

/* Begin PBXHeadersBuildPhase section */
		277CA9192A61197800AD4023 /* Headers */ = {
			isa = PBXHeadersBuildPhase;
			buildActionMask = 2147483647;
			files = (
				277CA9242A61197800AD4023 /* AlertModule.h in Headers */,
			);
			runOnlyForDeploymentPostprocessing = 0;
		};
/* End PBXHeadersBuildPhase section */

/* Begin PBXNativeTarget section */
		277CA91D2A61197800AD4023 /* AlertModule */ = {
			isa = PBXNativeTarget;
			buildConfigurationList = 277CA9272A61197800AD4023 /* Build configuration list for PBXNativeTarget "AlertModule" */;
			buildPhases = (
				277CA9192A61197800AD4023 /* Headers */,
				277CA91A2A61197800AD4023 /* Sources */,
				277CA91B2A61197800AD4023 /* Frameworks */,
				277CA91C2A61197800AD4023 /* Resources */,
			);
			buildRules = (
			);
			dependencies = (
			);
			name = AlertModule;
			productName = AlertModule;
			productReference = 277CA91E2A61197800AD4023 /* AlertModule.framework */;
			productType = "com.apple.product-type.framework";
		};
/* End PBXNativeTarget section */

/* Begin PBXProject section */
		277CA9152A61197800AD4023 /* Project object */ = {
			isa = PBXProject;
			attributes = {
				BuildIndependentTargetsInParallel = 1;
				LastUpgradeCheck = 1420;
				TargetAttributes = {
					277CA91D2A61197800AD4023 = {
						CreatedOnToolsVersion = 14.2;
					};
				};
			};
			buildConfigurationList = 277CA9182A61197800AD4023 /* Build configuration list for PBXProject "AlertModule" */;
			compatibilityVersion = "Xcode 14.0";
			developmentRegion = en;
			hasScannedForEncodings = 0;
			knownRegions = (
				en,
				Base,
			);
			mainGroup = 277CA9142A61197800AD4023;
			productRefGroup = 277CA91F2A61197800AD4023 /* Products */;
			projectDirPath = "";
			projectRoot = "";
			targets = (
				277CA91D2A61197800AD4023 /* AlertModule */,
			);
		};
/* End PBXProject section */

/* Begin PBXResourcesBuildPhase section */
		277CA91C2A61197800AD4023 /* Resources */ = {
			isa = PBXResourcesBuildPhase;
			buildActionMask = 2147483647;
			files = (
			);
			runOnlyForDeploymentPostprocessing = 0;
		};
/* End PBXResourcesBuildPhase section */

/* Begin PBXSourcesBuildPhase section */
		277CA91A2A61197800AD4023 /* Sources */ = {
			isa = PBXSourcesBuildPhase;
			buildActionMask = 2147483647;
			files = (
				27EBA4A52A69003800C3D255 /* KeyboardListener.swift in Sources */,
				270DD4422A69FCA800640E91 /* Extensions.swift in Sources */,
				277CA9362A612DE200AD4023 /* CustomAlertModifier.swift in Sources */,
				277CA9322A612DBB00AD4023 /* AlertConstants.swift in Sources */,
				270DD4502A6A072600640E91 /* CustomToast.swift in Sources */,
				277CA9232A61197800AD4023 /* AlertModule.docc in Sources */,
				27EBA4A12A68FF9E00C3D255 /* AlertSetter.swift in Sources */,
				27EBA49E2A68FF7700C3D255 /* CustomAlertTextField.swift in Sources */,
				270DD4522A6A075700640E91 /* Toast.swift in Sources */,
				277CA92E2A612D7800AD4023 /* CustomAlert.swift in Sources */,
				277CA9302A612D9E00AD4023 /* CustomAlertButton.swift in Sources */,
			);
			runOnlyForDeploymentPostprocessing = 0;
		};
/* End PBXSourcesBuildPhase section */

/* Begin XCBuildConfiguration section */
		277CA9252A61197800AD4023 /* Debug */ = {
			isa = XCBuildConfiguration;
			buildSettings = {
				ALWAYS_SEARCH_USER_PATHS = NO;
				CLANG_ANALYZER_NONNULL = YES;
				CLANG_ANALYZER_NUMBER_OBJECT_CONVERSION = YES_AGGRESSIVE;
				CLANG_CXX_LANGUAGE_STANDARD = "gnu++20";
				CLANG_ENABLE_MODULES = YES;
				CLANG_ENABLE_OBJC_ARC = YES;
				CLANG_ENABLE_OBJC_WEAK = YES;
				CLANG_WARN_BLOCK_CAPTURE_AUTORELEASING = YES;
				CLANG_WARN_BOOL_CONVERSION = YES;
				CLANG_WARN_COMMA = YES;
				CLANG_WARN_CONSTANT_CONVERSION = YES;
				CLANG_WARN_DEPRECATED_OBJC_IMPLEMENTATIONS = YES;
				CLANG_WARN_DIRECT_OBJC_ISA_USAGE = YES_ERROR;
				CLANG_WARN_DOCUMENTATION_COMMENTS = YES;
				CLANG_WARN_EMPTY_BODY = YES;
				CLANG_WARN_ENUM_CONVERSION = YES;
				CLANG_WARN_INFINITE_RECURSION = YES;
				CLANG_WARN_INT_CONVERSION = YES;
				CLANG_WARN_NON_LITERAL_NULL_CONVERSION = YES;
				CLANG_WARN_OBJC_IMPLICIT_RETAIN_SELF = YES;
				CLANG_WARN_OBJC_LITERAL_CONVERSION = YES;
				CLANG_WARN_OBJC_ROOT_CLASS = YES_ERROR;
				CLANG_WARN_QUOTED_INCLUDE_IN_FRAMEWORK_HEADER = YES;
				CLANG_WARN_RANGE_LOOP_ANALYSIS = YES;
				CLANG_WARN_STRICT_PROTOTYPES = YES;
				CLANG_WARN_SUSPICIOUS_MOVE = YES;
				CLANG_WARN_UNGUARDED_AVAILABILITY = YES_AGGRESSIVE;
				CLANG_WARN_UNREACHABLE_CODE = YES;
				CLANG_WARN__DUPLICATE_METHOD_MATCH = YES;
				COPY_PHASE_STRIP = NO;
				CURRENT_PROJECT_VERSION = 1;
				DEBUG_INFORMATION_FORMAT = dwarf;
				ENABLE_STRICT_OBJC_MSGSEND = YES;
				ENABLE_TESTABILITY = YES;
				GCC_C_LANGUAGE_STANDARD = gnu11;
				GCC_DYNAMIC_NO_PIC = NO;
				GCC_NO_COMMON_BLOCKS = YES;
				GCC_OPTIMIZATION_LEVEL = 0;
				GCC_PREPROCESSOR_DEFINITIONS = (
					"DEBUG=1",
					"$(inherited)",
				);
				GCC_WARN_64_TO_32_BIT_CONVERSION = YES;
				GCC_WARN_ABOUT_RETURN_TYPE = YES_ERROR;
				GCC_WARN_UNDECLARED_SELECTOR = YES;
				GCC_WARN_UNINITIALIZED_AUTOS = YES_AGGRESSIVE;
				GCC_WARN_UNUSED_FUNCTION = YES;
				GCC_WARN_UNUSED_VARIABLE = YES;
				IPHONEOS_DEPLOYMENT_TARGET = 14.0;
				MTL_ENABLE_DEBUG_INFO = INCLUDE_SOURCE;
				MTL_FAST_MATH = YES;
				ONLY_ACTIVE_ARCH = YES;
				SDKROOT = iphoneos;
				SWIFT_ACTIVE_COMPILATION_CONDITIONS = DEBUG;
				SWIFT_OPTIMIZATION_LEVEL = "-Onone";
				VERSIONING_SYSTEM = "apple-generic";
				VERSION_INFO_PREFIX = "";
			};
			name = Debug;
		};
		277CA9262A61197800AD4023 /* Release */ = {
			isa = XCBuildConfiguration;
			buildSettings = {
				ALWAYS_SEARCH_USER_PATHS = NO;
				CLANG_ANALYZER_NONNULL = YES;
				CLANG_ANALYZER_NUMBER_OBJECT_CONVERSION = YES_AGGRESSIVE;
				CLANG_CXX_LANGUAGE_STANDARD = "gnu++20";
				CLANG_ENABLE_MODULES = YES;
				CLANG_ENABLE_OBJC_ARC = YES;
				CLANG_ENABLE_OBJC_WEAK = YES;
				CLANG_WARN_BLOCK_CAPTURE_AUTORELEASING = YES;
				CLANG_WARN_BOOL_CONVERSION = YES;
				CLANG_WARN_COMMA = YES;
				CLANG_WARN_CONSTANT_CONVERSION = YES;
				CLANG_WARN_DEPRECATED_OBJC_IMPLEMENTATIONS = YES;
				CLANG_WARN_DIRECT_OBJC_ISA_USAGE = YES_ERROR;
				CLANG_WARN_DOCUMENTATION_COMMENTS = YES;
				CLANG_WARN_EMPTY_BODY = YES;
				CLANG_WARN_ENUM_CONVERSION = YES;
				CLANG_WARN_INFINITE_RECURSION = YES;
				CLANG_WARN_INT_CONVERSION = YES;
				CLANG_WARN_NON_LITERAL_NULL_CONVERSION = YES;
				CLANG_WARN_OBJC_IMPLICIT_RETAIN_SELF = YES;
				CLANG_WARN_OBJC_LITERAL_CONVERSION = YES;
				CLANG_WARN_OBJC_ROOT_CLASS = YES_ERROR;
				CLANG_WARN_QUOTED_INCLUDE_IN_FRAMEWORK_HEADER = YES;
				CLANG_WARN_RANGE_LOOP_ANALYSIS = YES;
				CLANG_WARN_STRICT_PROTOTYPES = YES;
				CLANG_WARN_SUSPICIOUS_MOVE = YES;
				CLANG_WARN_UNGUARDED_AVAILABILITY = YES_AGGRESSIVE;
				CLANG_WARN_UNREACHABLE_CODE = YES;
				CLANG_WARN__DUPLICATE_METHOD_MATCH = YES;
				COPY_PHASE_STRIP = NO;
				CURRENT_PROJECT_VERSION = 1;
				DEBUG_INFORMATION_FORMAT = "dwarf-with-dsym";
				ENABLE_NS_ASSERTIONS = NO;
				ENABLE_STRICT_OBJC_MSGSEND = YES;
				GCC_C_LANGUAGE_STANDARD = gnu11;
				GCC_NO_COMMON_BLOCKS = YES;
				GCC_WARN_64_TO_32_BIT_CONVERSION = YES;
				GCC_WARN_ABOUT_RETURN_TYPE = YES_ERROR;
				GCC_WARN_UNDECLARED_SELECTOR = YES;
				GCC_WARN_UNINITIALIZED_AUTOS = YES_AGGRESSIVE;
				GCC_WARN_UNUSED_FUNCTION = YES;
				GCC_WARN_UNUSED_VARIABLE = YES;
				IPHONEOS_DEPLOYMENT_TARGET = 14.0;
				MTL_ENABLE_DEBUG_INFO = NO;
				MTL_FAST_MATH = YES;
				SDKROOT = iphoneos;
				SWIFT_COMPILATION_MODE = wholemodule;
				SWIFT_OPTIMIZATION_LEVEL = "-O";
				VALIDATE_PRODUCT = YES;
				VERSIONING_SYSTEM = "apple-generic";
				VERSION_INFO_PREFIX = "";
			};
			name = Release;
		};
		277CA9282A61197800AD4023 /* Debug */ = {
			isa = XCBuildConfiguration;
			buildSettings = {
				CODE_SIGN_STYLE = Automatic;
				CURRENT_PROJECT_VERSION = 1;
				DEFINES_MODULE = YES;
				DEVELOPMENT_TEAM = 9DP7BYW4SF;
				DYLIB_COMPATIBILITY_VERSION = 1;
				DYLIB_CURRENT_VERSION = 1;
				DYLIB_INSTALL_NAME_BASE = "@rpath";
				GENERATE_INFOPLIST_FILE = YES;
				INFOPLIST_KEY_NSHumanReadableCopyright = "";
				INSTALL_PATH = "$(LOCAL_LIBRARY_DIR)/Frameworks";
				IPHONEOS_DEPLOYMENT_TARGET = 14.0;
				LD_RUNPATH_SEARCH_PATHS = (
					"$(inherited)",
					"@executable_path/Frameworks",
					"@loader_path/Frameworks",
				);
				MARKETING_VERSION = 1.0;
				PRODUCT_BUNDLE_IDENTIFIER = practice.AlertModule;
				PRODUCT_NAME = "$(TARGET_NAME:c99extidentifier)";
				SKIP_INSTALL = YES;
				SWIFT_EMIT_LOC_STRINGS = YES;
				SWIFT_VERSION = 5.0;
				TARGETED_DEVICE_FAMILY = "1,2";
			};
			name = Debug;
		};
		277CA9292A61197800AD4023 /* Release */ = {
			isa = XCBuildConfiguration;
			buildSettings = {
				CODE_SIGN_STYLE = Automatic;
				CURRENT_PROJECT_VERSION = 1;
				DEFINES_MODULE = YES;
				DEVELOPMENT_TEAM = 9DP7BYW4SF;
				DYLIB_COMPATIBILITY_VERSION = 1;
				DYLIB_CURRENT_VERSION = 1;
				DYLIB_INSTALL_NAME_BASE = "@rpath";
				GENERATE_INFOPLIST_FILE = YES;
				INFOPLIST_KEY_NSHumanReadableCopyright = "";
				INSTALL_PATH = "$(LOCAL_LIBRARY_DIR)/Frameworks";
				IPHONEOS_DEPLOYMENT_TARGET = 14.0;
				LD_RUNPATH_SEARCH_PATHS = (
					"$(inherited)",
					"@executable_path/Frameworks",
					"@loader_path/Frameworks",
				);
				MARKETING_VERSION = 1.0;
				PRODUCT_BUNDLE_IDENTIFIER = practice.AlertModule;
				PRODUCT_NAME = "$(TARGET_NAME:c99extidentifier)";
				SKIP_INSTALL = YES;
				SWIFT_EMIT_LOC_STRINGS = YES;
				SWIFT_VERSION = 5.0;
				TARGETED_DEVICE_FAMILY = "1,2";
			};
			name = Release;
		};
/* End XCBuildConfiguration section */

/* Begin XCConfigurationList section */
		277CA9182A61197800AD4023 /* Build configuration list for PBXProject "AlertModule" */ = {
			isa = XCConfigurationList;
			buildConfigurations = (
				277CA9252A61197800AD4023 /* Debug */,
				277CA9262A61197800AD4023 /* Release */,
			);
			defaultConfigurationIsVisible = 0;
			defaultConfigurationName = Release;
		};
		277CA9272A61197800AD4023 /* Build configuration list for PBXNativeTarget "AlertModule" */ = {
			isa = XCConfigurationList;
			buildConfigurations = (
				277CA9282A61197800AD4023 /* Debug */,
				277CA9292A61197800AD4023 /* Release */,
			);
			defaultConfigurationIsVisible = 0;
			defaultConfigurationName = Release;
		};
/* End XCConfigurationList section */
	};
	rootObject = 277CA9152A61197800AD4023 /* Project object */;
}
